{
  "name": "elementframe",
  "version": "0.1.0",
  "lockfileVersion": 1,
  "requires": true,
  "dependencies": {
    "vxe-table": {
      "version": "3.2.11",
      "resolved": "https://registry.npmjs.org/vxe-table/-/vxe-table-3.2.11.tgz",
      "integrity": "sha512-U9PBSL///89tQ4OF6xjSViDQQO9La5fGFYThL41A6bbKspHbDqRmCcILQdlVhVI7AdC00jucusGgOVqqMPOlSQ=="
    },
    "xe-utils": {
      "version": "3.1.13",
      "resolved": "https://registry.npmjs.org/xe-utils/-/xe-utils-3.1.13.tgz",
      "integrity": "sha512-ZMlkmqWhh4nClffiHoJSDQdY5StGHxg12Aog1vJamu41KAfJ8yV/HNqmzl48D5w8bRkBaJstfIKDqOUmWllwgA=="
    }
  }
}
